
Microsoft Visual Studio Solution File, Format Version 12.00
# Visual Studio 15
VisualStudioVersion = 15.0.28010.2003
MinimumVisualStudioVersion = 10.0.40219.1
Project("{FAE04EC0-301F-11D3-BF4B-00C04F79EFBC}") = "Planetaris", "Planetaris\Planetaris.csproj", "{9C21DBA1-3061-42A4-8496-5FC0A9D1D6E8}"
EndProject
Global
	GlobalSection(SolutionConfigurationPlatforms) = preSolution
		Debug|x86 = Debug|x86
		Release|x86 = Release|x86
	EndGlobalSection
	GlobalSection(ProjectConfigurationPlatforms) = postSolution
		{9C21DBA1-3061-42A4-8496-5FC0A9D1D6E8}.Debug|x86.ActiveCfg = Debug|x86
		{9C21DBA1-3061-42A4-8496-5FC0A9D1D6E8}.Debug|x86.Build.0 = Debug|x86
		{9C21DBA1-3061-42A4-8496-5FC0A9D1D6E8}.Release|x86.ActiveCfg = Release|x86
		{9C21DBA1-3061-42A4-8496-5FC0A9D1D6E8}.Release|x86.Build.0 = Release|x86
	EndGlobalSection
	GlobalSection(SolutionProperties) = preSolution
		HideSolutionNode = FALSE
	EndGlobalSection
	GlobalSection(ExtensibilityGlobals) = postSolution
		SolutionGuid = {47C02A01-7FAD-43EA-A34F-3909489B5C8F}
	EndGlobalSection
EndGlobal
